// !$*UTF8*$!
{
	archiveVersion = 1;
	classes = {
	};
	objectVersion = 50;
	objects = {

/* Begin PBXBuildFile section */
		8D0DE077242E202A005738CE /* AppDelegate.swift in Sources */ = {isa = PBXBuildFile; fileRef = 8D0DE076242E202A005738CE /* AppDelegate.swift */; };
		8D0DE079242E202A005738CE /* SceneDelegate.swift in Sources */ = {isa = PBXBuildFile; fileRef = 8D0DE078242E202A005738CE /* SceneDelegate.swift */; };
		8D0DE07B242E202A005738CE /* ViewController.swift in Sources */ = {isa = PBXBuildFile; fileRef = 8D0DE07A242E202A005738CE /* ViewController.swift */; };
		8D0DE07E242E202A005738CE /* Main.storyboard in Resources */ = {isa = PBXBuildFile; fileRef = 8D0DE07C242E202A005738CE /* Main.storyboard */; };
		8D0DE080242E202B005738CE /* Assets.xcassets in Resources */ = {isa = PBXBuildFile; fileRef = 8D0DE07F242E202B005738CE /* Assets.xcassets */; };
		8D0DE083242E202B005738CE /* LaunchScreen.storyboard in Resources */ = {isa = PBXBuildFile; fileRef = 8D0DE081242E202B005738CE /* LaunchScreen.storyboard */; };
		8D0DE08D242E2F04005738CE /* DetailVC.swift in Sources */ = {isa = PBXBuildFile; fileRef = 8D0DE08C242E2F04005738CE /* DetailVC.swift */; };
		8D0DE0BF24335C60005738CE /* GymAtHome.xcdatamodeld in Sources */ = {isa = PBXBuildFile; fileRef = 8D0DE0BD24335C60005738CE /* GymAtHome.xcdatamodeld */; };
		8D0DE0C024336321005738CE /* CoreData.framework in Frameworks */ = {isa = PBXBuildFile; fileRef = 8D0DE0B52433543E005738CE /* CoreData.framework */; };
		8D0DE0C22433633B005738CE /* libswiftCoreData.tbd in Frameworks */ = {isa = PBXBuildFile; fileRef = 8D0DE0C124336321005738CE /* libswiftCoreData.tbd */; };
/* End PBXBuildFile section */

/* Begin PBXFileReference section */
		8D0DE073242E202A005738CE /* GymAtHome.app */ = {isa = PBXFileReference; explicitFileType = wrapper.application; includeInIndex = 0; path = GymAtHome.app; sourceTree = BUILT_PRODUCTS_DIR; };
		8D0DE076242E202A005738CE /* AppDelegate.swift */ = {isa = PBXFileReference; lastKnownFileType = sourcecode.swift; path = AppDelegate.swift; sourceTree = "<group>"; };
		8D0DE078242E202A005738CE /* SceneDelegate.swift */ = {isa = PBXFileReference; lastKnownFileType = sourcecode.swift; path = SceneDelegate.swift; sourceTree = "<group>"; };
		8D0DE07A242E202A005738CE /* ViewController.swift */ = {isa = PBXFileReference; lastKnownFileType = sourcecode.swift; path = ViewController.swift; sourceTree = "<group>"; };
		8D0DE07D242E202A005738CE /* Base */ = {isa = PBXFileReference; lastKnownFileType = file.storyboard; name = Base; path = Base.lproj/Main.storyboard; sourceTree = "<group>"; };
		8D0DE07F242E202B005738CE /* Assets.xcassets */ = {isa = PBXFileReference; lastKnownFileType = folder.assetcatalog; path = Assets.xcassets; sourceTree = "<group>"; };
		8D0DE082242E202B005738CE /* Base */ = {isa = PBXFileReference; lastKnownFileType = file.storyboard; name = Base; path = Base.lproj/LaunchScreen.storyboard; sourceTree = "<group>"; };
		8D0DE084242E202B005738CE /* Info.plist */ = {isa = PBXFileReference; lastKnownFileType = text.plist.xml; path = Info.plist; sourceTree = "<group>"; };
		8D0DE08C242E2F04005738CE /* DetailVC.swift */ = {isa = PBXFileReference; lastKnownFileType = sourcecode.swift; path = DetailVC.swift; sourceTree = "<group>"; };
		8D0DE0B52433543E005738CE /* CoreData.framework */ = {isa = PBXFileReference; lastKnownFileType = wrapper.framework; name = CoreData.framework; path = System/Library/Frameworks/CoreData.framework; sourceTree = SDKROOT; };
		8D0DE0BE24335C60005738CE /* GymAtHome.xcdatamodel */ = {isa = PBXFileReference; lastKnownFileType = wrapper.xcdatamodel; path = GymAtHome.xcdatamodel; sourceTree = "<group>"; };
		8D0DE0C124336321005738CE /* libswiftCoreData.tbd */ = {isa = PBXFileReference; lastKnownFileType = "sourcecode.text-based-dylib-definition"; name = libswiftCoreData.tbd; path = usr/lib/swift/libswiftCoreData.tbd; sourceTree = SDKROOT; };
/* End PBXFileReference section */

/* Begin PBXFrameworksBuildPhase section */
		8D0DE070242E202A005738CE /* Frameworks */ = {
			isa = PBXFrameworksBuildPhase;
			buildActionMask = 2147483647;
			files = (
				8D0DE0C024336321005738CE /* CoreData.framework in Frameworks */,
				8D0DE0C22433633B005738CE /* libswiftCoreData.tbd in Frameworks */,
			);
			runOnlyForDeploymentPostprocessing = 0;
		};
/* End PBXFrameworksBuildPhase section */

/* Begin PBXGroup section */
		8D0DE06A242E202A005738CE = {
			isa = PBXGroup;
			children = (
				8D0DE075242E202A005738CE /* GymAtHome */,
				8D0DE074242E202A005738CE /* Products */,
				8D0DE0B42433543E005738CE /* Frameworks */,
			);
			sourceTree = "<group>";
		};
		8D0DE074242E202A005738CE /* Products */ = {
			isa = PBXGroup;
			children = (
				8D0DE073242E202A005738CE /* GymAtHome.app */,
			);
			name = Products;
			sourceTree = "<group>";
		};
		8D0DE075242E202A005738CE /* GymAtHome */ = {
			isa = PBXGroup;
			children = (
				8D0DE076242E202A005738CE /* AppDelegate.swift */,
				8D0DE078242E202A005738CE /* SceneDelegate.swift */,
				8D0DE07A242E202A005738CE /* ViewController.swift */,
				8D0DE07C242E202A005738CE /* Main.storyboard */,
				8D0DE07F242E202B005738CE /* Assets.xcassets */,
				8D0DE081242E202B005738CE /* LaunchScreen.storyboard */,
				8D0DE084242E202B005738CE /* Info.plist */,
				8D0DE08C242E2F04005738CE /* DetailVC.swift */,
				8D0DE0BD24335C60005738CE /* GymAtHome.xcdatamodeld */,
			);
			path = GymAtHome;
			sourceTree = "<group>";
		};
		8D0DE0B42433543E005738CE /* Frameworks */ = {
			isa = PBXGroup;
			children = (
				8D0DE0C124336321005738CE /* libswiftCoreData.tbd */,
				8D0DE0B52433543E005738CE /* CoreData.framework */,
			);
			name = Frameworks;
			sourceTree = "<group>";
		};
/* End PBXGroup section */

/* Begin PBXNativeTarget section */
		8D0DE072242E202A005738CE /* GymAtHome */ = {
			isa = PBXNativeTarget;
			buildConfigurationList = 8D0DE087242E202B005738CE /* Build configuration list for PBXNativeTarget "GymAtHome" */;
			buildPhases = (
				8D0DE06F242E202A005738CE /* Sources */,
				8D0DE070242E202A005738CE /* Frameworks */,
				8D0DE071242E202A005738CE /* Resources */,
			);
			buildRules = (
			);
			dependencies = (
			);
			name = GymAtHome;
			productName = GymAtHome;
			productReference = 8D0DE073242E202A005738CE /* GymAtHome.app */;
			productType = "com.apple.product-type.application";
		};
/* End PBXNativeTarget section */

/* Begin PBXProject section */
		8D0DE06B242E202A005738CE /* Project object */ = {
			isa = PBXProject;
			attributes = {
				LastSwiftUpdateCheck = 1140;
				LastUpgradeCheck = 1140;
				ORGANIZATIONNAME = "PUIT RULL Josep";
				TargetAttributes = {
					8D0DE072242E202A005738CE = {
						CreatedOnToolsVersion = 11.4;
					};
				};
			};
			buildConfigurationList = 8D0DE06E242E202A005738CE /* Build configuration list for PBXProject "GymAtHome" */;
			compatibilityVersion = "Xcode 9.3";
			developmentRegion = en;
			hasScannedForEncodings = 0;
			knownRegions = (
				en,
				Base,
			);
			mainGroup = 8D0DE06A242E202A005738CE;
			productRefGroup = 8D0DE074242E202A005738CE /* Products */;
			projectDirPath = "";
			projectRoot = "";
			targets = (
				8D0DE072242E202A005738CE /* GymAtHome */,
			);
		};
/* End PBXProject section */

/* Begin PBXResourcesBuildPhase section */
		8D0DE071242E202A005738CE /* Resources */ = {
			isa = PBXResourcesBuildPhase;
			buildActionMask = 2147483647;
			files = (
				8D0DE083242E202B005738CE /* LaunchScreen.storyboard in Resources */,
				8D0DE080242E202B005738CE /* Assets.xcassets in Resources */,
				8D0DE07E242E202A005738CE /* Main.storyboard in Resources */,
			);
			runOnlyForDeploymentPostprocessing = 0;
		};
/* End PBXResourcesBuildPhase section */

/* Begin PBXSourcesBuildPhase section */
		8D0DE06F242E202A005738CE /* Sources */ = {
			isa = PBXSourcesBuildPhase;
			buildActionMask = 2147483647;
			files = (
				8D0DE07B242E202A005738CE /* ViewController.swift in Sources */,
				8D0DE08D242E2F04005738CE /* DetailVC.swift in Sources */,
				8D0DE077242E202A005738CE /* AppDelegate.swift in Sources */,
				8D0DE0BF24335C60005738CE /* GymAtHome.xcdatamodeld in Sources */,
				8D0DE079242E202A005738CE /* SceneDelegate.swift in Sources */,
			);
			runOnlyForDeploymentPostprocessing = 0;
		};
/* End PBXSourcesBuildPhase section */

/* Begin PBXVariantGroup section */
		8D0DE07C242E202A005738CE /* Main.storyboard */ = {
			isa = PBXVariantGroup;
			children = (
				8D0DE07D242E202A005738CE /* Base */,
			);
			name = Main.storyboard;
			sourceTree = "<group>";
		};
		8D0DE081242E202B005738CE /* LaunchScreen.storyboard */ = {
			isa = PBXVariantGroup;
			children = (
				8D0DE082242E202B005738CE /* Base */,
			);
			name = LaunchScreen.storyboard;
			sourceTree = "<group>";
		};
/* End PBXVariantGroup section */

/* Begin XCBuildConfiguration section */
		8D0DE085242E202B005738CE /* Debug */ = {
			isa = XCBuildConfiguration;
			buildSettings = {
				ALWAYS_SEARCH_USER_PATHS = NO;
				CLANG_ANALYZER_NONNULL = YES;
				CLANG_ANALYZER_NUMBER_OBJECT_CONVERSION = YES_AGGRESSIVE;
				CLANG_CXX_LANGUAGE_STANDARD = "gnu++14";
				CLANG_CXX_LIBRARY = "libc++";
				CLANG_ENABLE_MODULES = YES;
				CLANG_ENABLE_OBJC_ARC = YES;
				CLANG_ENABLE_OBJC_WEAK = YES;
				CLANG_WARN_BLOCK_CAPTURE_AUTORELEASING = YES;
				CLANG_WARN_BOOL_CONVERSION = YES;
				CLANG_WARN_COMMA = YES;
				CLANG_WARN_CONSTANT_CONVERSION = YES;
				CLANG_WARN_DEPRECATED_OBJC_IMPLEMENTATIONS = YES;
				CLANG_WARN_DIRECT_OBJC_ISA_USAGE = YES_ERROR;
				CLANG_WARN_DOCUMENTATION_COMMENTS = YES;
				CLANG_WARN_EMPTY_BODY = YES;
				CLANG_WARN_ENUM_CONVERSION = YES;
				CLANG_WARN_INFINITE_RECURSION = YES;
				CLANG_WARN_INT_CONVERSION = YES;
				CLANG_WARN_NON_LITERAL_NULL_CONVERSION = YES;
				CLANG_WARN_OBJC_IMPLICIT_RETAIN_SELF = YES;
				CLANG_WARN_OBJC_LITERAL_CONVERSION = YES;
				CLANG_WARN_OBJC_ROOT_CLASS = YES_ERROR;
				CLANG_WARN_RANGE_LOOP_ANALYSIS = YES;
				CLANG_WARN_STRICT_PROTOTYPES = YES;
				CLANG_WARN_SUSPICIOUS_MOVE = YES;
				CLANG_WARN_UNGUARDED_AVAILABILITY = YES_AGGRESSIVE;
				CLANG_WARN_UNREACHABLE_CODE = YES;
				CLANG_WARN__DUPLICATE_METHOD_MATCH = YES;
				COPY_PHASE_STRIP = NO;
				DEBUG_INFORMATION_FORMAT = dwarf;
				ENABLE_STRICT_OBJC_MSGSEND = YES;
				ENABLE_TESTABILITY = YES;
				GCC_C_LANGUAGE_STANDARD = gnu11;
				GCC_DYNAMIC_NO_PIC = NO;
				GCC_NO_COMMON_BLOCKS = YES;
				GCC_OPTIMIZATION_LEVEL = 0;
				GCC_PREPROCESSOR_DEFINITIONS = (
					"DEBUG=1",
					"$(inherited)",
				);
				GCC_WARN_64_TO_32_BIT_CONVERSION = YES;
				GCC_WARN_ABOUT_RETURN_TYPE = YES_ERROR;
				GCC_WARN_UNDECLARED_SELECTOR = YES;
				GCC_WARN_UNINITIALIZED_AUTOS = YES_AGGRESSIVE;
				GCC_WARN_UNUSED_FUNCTION = YES;
				GCC_WARN_UNUSED_VARIABLE = YES;
				IPHONEOS_DEPLOYMENT_TARGET = 13.4;
				MTL_ENABLE_DEBUG_INFO = INCLUDE_SOURCE;
				MTL_FAST_MATH = YES;
				ONLY_ACTIVE_ARCH = YES;
				SDKROOT = iphoneos;
				SWIFT_ACTIVE_COMPILATION_CONDITIONS = DEBUG;
				SWIFT_OPTIMIZATION_LEVEL = "-Onone";
			};
			name = Debug;
		};
		8D0DE086242E202B005738CE /* Release */ = {
			isa = XCBuildConfiguration;
			buildSettings = {
				ALWAYS_SEARCH_USER_PATHS = NO;
				CLANG_ANALYZER_NONNULL = YES;
				CLANG_ANALYZER_NUMBER_OBJECT_CONVERSION = YES_AGGRESSIVE;
				CLANG_CXX_LANGUAGE_STANDARD = "gnu++14";
				CLANG_CXX_LIBRARY = "libc++";
				CLANG_ENABLE_MODULES = YES;
				CLANG_ENABLE_OBJC_ARC = YES;
				CLANG_ENABLE_OBJC_WEAK = YES;
				CLANG_WARN_BLOCK_CAPTURE_AUTORELEASING = YES;
				CLANG_WARN_BOOL_CONVERSION = YES;
				CLANG_WARN_COMMA = YES;
				CLANG_WARN_CONSTANT_CONVERSION = YES;
				CLANG_WARN_DEPRECATED_OBJC_IMPLEMENTATIONS = YES;
				CLANG_WARN_DIRECT_OBJC_ISA_USAGE = YES_ERROR;
				CLANG_WARN_DOCUMENTATION_COMMENTS = YES;
				CLANG_WARN_EMPTY_BODY = YES;
				CLANG_WARN_ENUM_CONVERSION = YES;
				CLANG_WARN_INFINITE_RECURSION = YES;
				CLANG_WARN_INT_CONVERSION = YES;
				CLANG_WARN_NON_LITERAL_NULL_CONVERSION = YES;
				CLANG_WARN_OBJC_IMPLICIT_RETAIN_SELF = YES;
				CLANG_WARN_OBJC_LITERAL_CONVERSION = YES;
				CLANG_WARN_OBJC_ROOT_CLASS = YES_ERROR;
				CLANG_WARN_RANGE_LOOP_ANALYSIS = YES;
				CLANG_WARN_STRICT_PROTOTYPES = YES;
				CLANG_WARN_SUSPICIOUS_MOVE = YES;
				CLANG_WARN_UNGUARDED_AVAILABILITY = YES_AGGRESSIVE;
				CLANG_WARN_UNREACHABLE_CODE = YES;
				CLANG_WARN__DUPLICATE_METHOD_MATCH = YES;
				COPY_PHASE_STRIP = NO;
				DEBUG_INFORMATION_FORMAT = "dwarf-with-dsym";
				ENABLE_NS_ASSERTIONS = NO;
				ENABLE_STRICT_OBJC_MSGSEND = YES;
				GCC_C_LANGUAGE_STANDARD = gnu11;
				GCC_NO_COMMON_BLOCKS = YES;
				GCC_WARN_64_TO_32_BIT_CONVERSION = YES;
				GCC_WARN_ABOUT_RETURN_TYPE = YES_ERROR;
				GCC_WARN_UNDECLARED_SELECTOR = YES;
				GCC_WARN_UNINITIALIZED_AUTOS = YES_AGGRESSIVE;
				GCC_WARN_UNUSED_FUNCTION = YES;
				GCC_WARN_UNUSED_VARIABLE = YES;
				IPHONEOS_DEPLOYMENT_TARGET = 13.4;
				MTL_ENABLE_DEBUG_INFO = NO;
				MTL_FAST_MATH = YES;
				SDKROOT = iphoneos;
				SWIFT_COMPILATION_MODE = wholemodule;
				SWIFT_OPTIMIZATION_LEVEL = "-O";
				VALIDATE_PRODUCT = YES;
			};
			name = Release;
		};
		8D0DE088242E202B005738CE /* Debug */ = {
			isa = XCBuildConfiguration;
			buildSettings = {
				ASSETCATALOG_COMPILER_APPICON_NAME = AppIcon;
				CODE_SIGN_STYLE = Automatic;
				INFOPLIST_FILE = GymAtHome/Info.plist;
				LD_RUNPATH_SEARCH_PATHS = (
					"$(inherited)",
					"@executable_path/Frameworks",
				);
				LIBRARY_SEARCH_PATHS = (
					"$(inherited)",
					"$(SDKROOT)/usr/lib/swift",
				);
				PRODUCT_BUNDLE_IDENTIFIER = SopraSteria.GymAtHome;
				PRODUCT_NAME = "$(TARGET_NAME)";
				SWIFT_VERSION = 5.0;
				TARGETED_DEVICE_FAMILY = "1,2";
			};
			name = Debug;
		};
		8D0DE089242E202B005738CE /* Release */ = {
			isa = XCBuildConfiguration;
			buildSettings = {
				ASSETCATALOG_COMPILER_APPICON_NAME = AppIcon;
				CODE_SIGN_STYLE = Automatic;
				INFOPLIST_FILE = GymAtHome/Info.plist;
				LD_RUNPATH_SEARCH_PATHS = (
					"$(inherited)",
					"@executable_path/Frameworks",
				);
				LIBRARY_SEARCH_PATHS = (
					"$(inherited)",
					"$(SDKROOT)/usr/lib/swift",
				);
				PRODUCT_BUNDLE_IDENTIFIER = SopraSteria.GymAtHome;
				PRODUCT_NAME = "$(TARGET_NAME)";
				SWIFT_VERSION = 5.0;
				TARGETED_DEVICE_FAMILY = "1,2";
			};
			name = Release;
		};
/* End XCBuildConfiguration section */

/* Begin XCConfigurationList section */
		8D0DE06E242E202A005738CE /* Build configuration list for PBXProject "GymAtHome" */ = {
			isa = XCConfigurationList;
			buildConfigurations = (
				8D0DE085242E202B005738CE /* Debug */,
				8D0DE086242E202B005738CE /* Release */,
			);
			defaultConfigurationIsVisible = 0;
			defaultConfigurationName = Release;
		};
		8D0DE087242E202B005738CE /* Build configuration list for PBXNativeTarget "GymAtHome" */ = {
			isa = XCConfigurationList;
			buildConfigurations = (
				8D0DE088242E202B005738CE /* Debug */,
				8D0DE089242E202B005738CE /* Release */,
			);
			defaultConfigurationIsVisible = 0;
			defaultConfigurationName = Release;
		};
/* End XCConfigurationList section */

/* Begin XCVersionGroup section */
		8D0DE0BD24335C60005738CE /* GymAtHome.xcdatamodeld */ = {
			isa = XCVersionGroup;
			children = (
				8D0DE0BE24335C60005738CE /* GymAtHome.xcdatamodel */,
			);
			currentVersion = 8D0DE0BE24335C60005738CE /* GymAtHome.xcdatamodel */;
			path = GymAtHome.xcdatamodeld;
			sourceTree = "<group>";
			versionGroupType = wrapper.xcdatamodel;
		};
/* End XCVersionGroup section */
	};
	rootObject = 8D0DE06B242E202A005738CE /* Project object */;
}
